
Microsoft Visual Studio Solution File, Format Version 12.00
# Visual Studio Version 17
VisualStudioVersion = 17.1.32210.238
MinimumVisualStudioVersion = 10.0.40219.1
Project("{FAE04EC0-301F-11D3-BF4B-00C04F79EFBC}") = "hw4_decimal_double", "hw4_decimal_double.csproj", "{8E99323C-C60D-404C-9F83-89A7CECDDEC2}"
EndProject
Global
	GlobalSection(SolutionConfigurationPlatforms) = preSolution
		Debug|Any CPU = Debug|Any CPU
		Release|Any CPU = Release|Any CPU
	EndGlobalSection
	GlobalSection(ProjectConfigurationPlatforms) = postSolution
		{8E99323C-C60D-404C-9F83-89A7CECDDEC2}.Debug|Any CPU.ActiveCfg = Debug|Any CPU
		{8E99323C-C60D-404C-9F83-89A7CECDDEC2}.Debug|Any CPU.Build.0 = Debug|Any CPU
		{8E99323C-C60D-404C-9F83-89A7CECDDEC2}.Release|Any CPU.ActiveCfg = Release|Any CPU
		{8E99323C-C60D-404C-9F83-89A7CECDDEC2}.Release|Any CPU.Build.0 = Release|Any CPU
	EndGlobalSection
	GlobalSection(SolutionProperties) = preSolution
		HideSolutionNode = FALSE
	EndGlobalSection
	GlobalSection(ExtensibilityGlobals) = postSolution
		SolutionGuid = {458A65D5-170E-49E5-932B-301619B0ABD7}
	EndGlobalSection
EndGlobal
